
Microsoft Visual Studio Solution File, Format Version 12.00
# Visual Studio Version 16
VisualStudioVersion = 16.0.31911.196
MinimumVisualStudioVersion = 10.0.40219.1
Project("{FAE04EC0-301F-11D3-BF4B-00C04F79EFBC}") = "uri_1043", "uri_1043\uri_1043.csproj", "{21DECD9A-5194-4FCC-8AB8-B6C06DDB17FB}"
EndProject
Global
	GlobalSection(SolutionConfigurationPlatforms) = preSolution
		Debug|Any CPU = Debug|Any CPU
		Release|Any CPU = Release|Any CPU
	EndGlobalSection
	GlobalSection(ProjectConfigurationPlatforms) = postSolution
		{21DECD9A-5194-4FCC-8AB8-B6C06DDB17FB}.Debug|Any CPU.ActiveCfg = Debug|Any CPU
		{21DECD9A-5194-4FCC-8AB8-B6C06DDB17FB}.Debug|Any CPU.Build.0 = Debug|Any CPU
		{21DECD9A-5194-4FCC-8AB8-B6C06DDB17FB}.Release|Any CPU.ActiveCfg = Release|Any CPU
		{21DECD9A-5194-4FCC-8AB8-B6C06DDB17FB}.Release|Any CPU.Build.0 = Release|Any CPU
	EndGlobalSection
	GlobalSection(SolutionProperties) = preSolution
		HideSolutionNode = FALSE
	EndGlobalSection
	GlobalSection(ExtensibilityGlobals) = postSolution
		SolutionGuid = {66A8A203-C9AE-4545-8748-8C17FA2F636B}
	EndGlobalSection
EndGlobal
